
Microsoft Visual Studio Solution File, Format Version 12.00
# Visual Studio Version 17
VisualStudioVersion = 17.6.33815.320
MinimumVisualStudioVersion = 10.0.40219.1
Project("{FAE04EC0-301F-11D3-BF4B-00C04F79EFBC}") = "Non-Divisible Subset", "Non-Divisible Subset\Non-Divisible Subset.csproj", "{ACB477BC-41A7-4DCA-8039-D070B3930CB1}"
EndProject
Global
	GlobalSection(SolutionConfigurationPlatforms) = preSolution
		Debug|Any CPU = Debug|Any CPU
		Release|Any CPU = Release|Any CPU
	EndGlobalSection
	GlobalSection(ProjectConfigurationPlatforms) = postSolution
		{ACB477BC-41A7-4DCA-8039-D070B3930CB1}.Debug|Any CPU.ActiveCfg = Debug|Any CPU
		{ACB477BC-41A7-4DCA-8039-D070B3930CB1}.Debug|Any CPU.Build.0 = Debug|Any CPU
		{ACB477BC-41A7-4DCA-8039-D070B3930CB1}.Release|Any CPU.ActiveCfg = Release|Any CPU
		{ACB477BC-41A7-4DCA-8039-D070B3930CB1}.Release|Any CPU.Build.0 = Release|Any CPU
	EndGlobalSection
	GlobalSection(SolutionProperties) = preSolution
		HideSolutionNode = FALSE
	EndGlobalSection
	GlobalSection(ExtensibilityGlobals) = postSolution
		SolutionGuid = {1FD8D1A5-FF4C-4555-BBAF-1201FACC08B7}
	EndGlobalSection
EndGlobal
